
Microsoft Visual Studio Solution File, Format Version 12.00
# Visual Studio Version 17
VisualStudioVersion = 17.5.33627.172
MinimumVisualStudioVersion = 10.0.40219.1
Project("{FAE04EC0-301F-11D3-BF4B-00C04F79EFBC}") = "Common", "Common\Common.csproj", "{B6198609-0473-4BFE-B8EB-6F721D0701D5}"
EndProject
Project("{FAE04EC0-301F-11D3-BF4B-00C04F79EFBC}") = "Client", "Client\Client.csproj", "{66D28647-CB01-40DA-9307-16B3B0C94EFA}"
EndProject
Project("{FAE04EC0-301F-11D3-BF4B-00C04F79EFBC}") = "Consumer", "Consumer\Consumer.csproj", "{0245B000-1C02-45B6-8AF1-A02350065616}"
EndProject
Global
	GlobalSection(SolutionConfigurationPlatforms) = preSolution
		Debug|Any CPU = Debug|Any CPU
		Release|Any CPU = Release|Any CPU
	EndGlobalSection
	GlobalSection(ProjectConfigurationPlatforms) = postSolution
		{B6198609-0473-4BFE-B8EB-6F721D0701D5}.Debug|Any CPU.ActiveCfg = Debug|Any CPU
		{B6198609-0473-4BFE-B8EB-6F721D0701D5}.Debug|Any CPU.Build.0 = Debug|Any CPU
		{B6198609-0473-4BFE-B8EB-6F721D0701D5}.Release|Any CPU.ActiveCfg = Release|Any CPU
		{B6198609-0473-4BFE-B8EB-6F721D0701D5}.Release|Any CPU.Build.0 = Release|Any CPU
		{66D28647-CB01-40DA-9307-16B3B0C94EFA}.Debug|Any CPU.ActiveCfg = Debug|Any CPU
		{66D28647-CB01-40DA-9307-16B3B0C94EFA}.Debug|Any CPU.Build.0 = Debug|Any CPU
		{66D28647-CB01-40DA-9307-16B3B0C94EFA}.Release|Any CPU.ActiveCfg = Release|Any CPU
		{66D28647-CB01-40DA-9307-16B3B0C94EFA}.Release|Any CPU.Build.0 = Release|Any CPU
		{0245B000-1C02-45B6-8AF1-A02350065616}.Debug|Any CPU.ActiveCfg = Debug|Any CPU
		{0245B000-1C02-45B6-8AF1-A02350065616}.Debug|Any CPU.Build.0 = Debug|Any CPU
		{0245B000-1C02-45B6-8AF1-A02350065616}.Release|Any CPU.ActiveCfg = Release|Any CPU
		{0245B000-1C02-45B6-8AF1-A02350065616}.Release|Any CPU.Build.0 = Release|Any CPU
	EndGlobalSection
	GlobalSection(SolutionProperties) = preSolution
		HideSolutionNode = FALSE
	EndGlobalSection
	GlobalSection(ExtensibilityGlobals) = postSolution
		SolutionGuid = {A8C90B29-9A79-4B0B-BE24-EA1DBF6F4CFE}
	EndGlobalSection
EndGlobal
